// !$*UTF8*$!
{
	archiveVersion = 1;
	classes = {
	};
	objectVersion = 46;
	objects = {

/* Begin PBXBuildFile section */
		49331F8A14B44DCA008C7142 /* Cocoa.framework in Frameworks */ = {isa = PBXBuildFile; fileRef = 49331F8914B44DCA008C7142 /* Cocoa.framework */; };
		49331F9414B44DCA008C7142 /* InfoPlist.strings in Resources */ = {isa = PBXBuildFile; fileRef = 49331F9214B44DCA008C7142 /* InfoPlist.strings */; };
		49331F9614B44DCA008C7142 /* main.m in Sources */ = {isa = PBXBuildFile; fileRef = 49331F9514B44DCA008C7142 /* main.m */; };
		49331F9A14B44DCA008C7142 /* Credits.rtf in Resources */ = {isa = PBXBuildFile; fileRef = 49331F9814B44DCA008C7142 /* Credits.rtf */; };
		49331F9D14B44DCA008C7142 /* KeySenderAppDelegate.m in Sources */ = {isa = PBXBuildFile; fileRef = 49331F9C14B44DCA008C7142 /* KeySenderAppDelegate.m */; };
		49331FA014B44DCB008C7142 /* MainMenu.xib in Resources */ = {isa = PBXBuildFile; fileRef = 49331F9E14B44DCB008C7142 /* MainMenu.xib */; };
/* End PBXBuildFile section */

/* Begin PBXFileReference section */
		49331F8514B44DCA008C7142 /* KeySender.app */ = {isa = PBXFileReference; explicitFileType = wrapper.application; includeInIndex = 0; path = KeySender.app; sourceTree = BUILT_PRODUCTS_DIR; };
		49331F8914B44DCA008C7142 /* Cocoa.framework */ = {isa = PBXFileReference; lastKnownFileType = wrapper.framework; name = Cocoa.framework; path = System/Library/Frameworks/Cocoa.framework; sourceTree = SDKROOT; };
		49331F8C14B44DCA008C7142 /* AppKit.framework */ = {isa = PBXFileReference; lastKnownFileType = wrapper.framework; name = AppKit.framework; path = System/Library/Frameworks/AppKit.framework; sourceTree = SDKROOT; };
		49331F8D14B44DCA008C7142 /* CoreData.framework */ = {isa = PBXFileReference; lastKnownFileType = wrapper.framework; name = CoreData.framework; path = System/Library/Frameworks/CoreData.framework; sourceTree = SDKROOT; };
		49331F8E14B44DCA008C7142 /* Foundation.framework */ = {isa = PBXFileReference; lastKnownFileType = wrapper.framework; name = Foundation.framework; path = System/Library/Frameworks/Foundation.framework; sourceTree = SDKROOT; };
		49331F9114B44DCA008C7142 /* KeySender-Info.plist */ = {isa = PBXFileReference; path = "KeySender-Info.plist"; sourceTree = "<group>"; };
		49331F9314B44DCA008C7142 /* en */ = {isa = PBXFileReference; lastKnownFileType = text.plist.strings; name = en; path = en.lproj/InfoPlist.strings; sourceTree = "<group>"; };
		49331F9514B44DCA008C7142 /* main.m */ = {isa = PBXFileReference; lastKnownFileType = sourcecode.c.objc; path = main.m; sourceTree = "<group>"; };
		49331F9714B44DCA008C7142 /* KeySender-Prefix.pch */ = {isa = PBXFileReference; path = "KeySender-Prefix.pch"; sourceTree = "<group>"; };
		49331F9914B44DCA008C7142 /* en */ = {isa = PBXFileReference; lastKnownFileType = text.rtf; name = en; path = en.lproj/Credits.rtf; sourceTree = "<group>"; };
		49331F9B14B44DCA008C7142 /* KeySenderAppDelegate.h */ = {isa = PBXFileReference; path = KeySenderAppDelegate.h; sourceTree = "<group>"; };
		49331F9C14B44DCA008C7142 /* KeySenderAppDelegate.m */ = {isa = PBXFileReference; lastKnownFileType = sourcecode.c.objc; path = KeySenderAppDelegate.m; sourceTree = "<group>"; };
		49331F9F14B44DCB008C7142 /* en */ = {isa = PBXFileReference; lastKnownFileType = file.xib; name = en; path = en.lproj/MainMenu.xib; sourceTree = "<group>"; };
/* End PBXFileReference section */

/* Begin PBXFrameworksBuildPhase section */
		49331F8214B44DCA008C7142 /* Frameworks */ = {
			isa = PBXFrameworksBuildPhase;
			buildActionMask = 2147483647;
			files = (
				49331F8A14B44DCA008C7142 /* Cocoa.framework in Frameworks */,
			);
			runOnlyForDeploymentPostprocessing = 0;
		};
/* End PBXFrameworksBuildPhase section */

/* Begin PBXGroup section */
		49331F7A14B44DCA008C7142 = {
			isa = PBXGroup;
			children = (
				49331F8F14B44DCA008C7142 /* KeySender */,
				49331F8814B44DCA008C7142 /* Frameworks */,
				49331F8614B44DCA008C7142 /* Products */,
			);
			sourceTree = "<group>";
		};
		49331F8614B44DCA008C7142 /* Products */ = {
			isa = PBXGroup;
			children = (
				49331F8514B44DCA008C7142 /* KeySender.app */,
			);
			name = Products;
			sourceTree = "<group>";
		};
		49331F8814B44DCA008C7142 /* Frameworks */ = {
			isa = PBXGroup;
			children = (
				49331F8914B44DCA008C7142 /* Cocoa.framework */,
				49331F8B14B44DCA008C7142 /* Other Frameworks */,
			);
			name = Frameworks;
			sourceTree = "<group>";
		};
		49331F8B14B44DCA008C7142 /* Other Frameworks */ = {
			isa = PBXGroup;
			children = (
				49331F8C14B44DCA008C7142 /* AppKit.framework */,
				49331F8D14B44DCA008C7142 /* CoreData.framework */,
				49331F8E14B44DCA008C7142 /* Foundation.framework */,
			);
			name = "Other Frameworks";
			sourceTree = "<group>";
		};
		49331F8F14B44DCA008C7142 /* KeySender */ = {
			isa = PBXGroup;
			children = (
				49331F9B14B44DCA008C7142 /* KeySenderAppDelegate.h */,
				49331F9C14B44DCA008C7142 /* KeySenderAppDelegate.m */,
				49331F9E14B44DCB008C7142 /* MainMenu.xib */,
				49331F9014B44DCA008C7142 /* Supporting Files */,
			);
			path = KeySender;
			sourceTree = "<group>";
		};
		49331F9014B44DCA008C7142 /* Supporting Files */ = {
			isa = PBXGroup;
			children = (
				49331F9114B44DCA008C7142 /* KeySender-Info.plist */,
				49331F9214B44DCA008C7142 /* InfoPlist.strings */,
				49331F9514B44DCA008C7142 /* main.m */,
				49331F9714B44DCA008C7142 /* KeySender-Prefix.pch */,
				49331F9814B44DCA008C7142 /* Credits.rtf */,
			);
			name = "Supporting Files";
			sourceTree = "<group>";
		};
/* End PBXGroup section */

/* Begin PBXNativeTarget section */
		49331F8414B44DCA008C7142 /* KeySender */ = {
			isa = PBXNativeTarget;
			buildConfigurationList = 49331FA314B44DCB008C7142 /* Build configuration list for PBXNativeTarget "KeySender" */;
			buildPhases = (
				49331F8114B44DCA008C7142 /* Sources */,
				49331F8214B44DCA008C7142 /* Frameworks */,
				49331F8314B44DCA008C7142 /* Resources */,
			);
			buildRules = (
			);
			dependencies = (
			);
			name = KeySender;
			productName = KeySender;
			productReference = 49331F8514B44DCA008C7142 /* KeySender.app */;
			productType = "com.apple.product-type.application";
		};
/* End PBXNativeTarget section */

/* Begin PBXProject section */
		49331F7C14B44DCA008C7142 /* Project object */ = {
			isa = PBXProject;
			buildConfigurationList = 49331F7F14B44DCA008C7142 /* Build configuration list for PBXProject "KeySender" */;
			compatibilityVersion = "Xcode 3.2";
			developmentRegion = English;
			hasScannedForEncodings = 0;
			knownRegions = (
				en,
			);
			mainGroup = 49331F7A14B44DCA008C7142;
			productRefGroup = 49331F8614B44DCA008C7142 /* Products */;
			projectDirPath = "";
			projectRoot = "";
			targets = (
				49331F8414B44DCA008C7142 /* KeySender */,
			);
		};
/* End PBXProject section */

/* Begin PBXResourcesBuildPhase section */
		49331F8314B44DCA008C7142 /* Resources */ = {
			isa = PBXResourcesBuildPhase;
			buildActionMask = 2147483647;
			files = (
				49331F9414B44DCA008C7142 /* InfoPlist.strings in Resources */,
				49331F9A14B44DCA008C7142 /* Credits.rtf in Resources */,
				49331FA014B44DCB008C7142 /* MainMenu.xib in Resources */,
			);
			runOnlyForDeploymentPostprocessing = 0;
		};
/* End PBXResourcesBuildPhase section */

/* Begin PBXSourcesBuildPhase section */
		49331F8114B44DCA008C7142 /* Sources */ = {
			isa = PBXSourcesBuildPhase;
			buildActionMask = 2147483647;
			files = (
				49331F9614B44DCA008C7142 /* main.m in Sources */,
				49331F9D14B44DCA008C7142 /* KeySenderAppDelegate.m in Sources */,
			);
			runOnlyForDeploymentPostprocessing = 0;
		};
/* End PBXSourcesBuildPhase section */

/* Begin PBXVariantGroup section */
		49331F9214B44DCA008C7142 /* InfoPlist.strings */ = {
			isa = PBXVariantGroup;
			children = (
				49331F9314B44DCA008C7142 /* en */,
			);
			name = InfoPlist.strings;
			sourceTree = "<group>";
		};
		49331F9814B44DCA008C7142 /* Credits.rtf */ = {
			isa = PBXVariantGroup;
			children = (
				49331F9914B44DCA008C7142 /* en */,
			);
			name = Credits.rtf;
			sourceTree = "<group>";
		};
		49331F9E14B44DCB008C7142 /* MainMenu.xib */ = {
			isa = PBXVariantGroup;
			children = (
				49331F9F14B44DCB008C7142 /* en */,
			);
			name = MainMenu.xib;
			sourceTree = "<group>";
		};
/* End PBXVariantGroup section */

/* Begin XCBuildConfiguration section */
		49331FA114B44DCB008C7142 /* Debug */ = {
			isa = XCBuildConfiguration;
			buildSettings = {
				ALWAYS_SEARCH_USER_PATHS = NO;
				ARCHS = "$(ARCHS_STANDARD_64_BIT)";
				COPY_PHASE_STRIP = NO;
				GCC_C_LANGUAGE_STANDARD = gnu99;
				GCC_DYNAMIC_NO_PIC = NO;
				GCC_ENABLE_OBJC_EXCEPTIONS = YES;
				GCC_OPTIMIZATION_LEVEL = 0;
				GCC_PREPROCESSOR_DEFINITIONS = (
					"DEBUG=1",
					"$(inherited)",
				);
				GCC_SYMBOLS_PRIVATE_EXTERN = NO;
				GCC_VERSION = com.apple.compilers.llvm.clang.1_0;
				GCC_WARN_64_TO_32_BIT_CONVERSION = YES;
				GCC_WARN_ABOUT_MISSING_PROTOTYPES = YES;
				GCC_WARN_ABOUT_RETURN_TYPE = YES;
				GCC_WARN_UNUSED_VARIABLE = YES;
				MACOSX_DEPLOYMENT_TARGET = 10.7;
				ONLY_ACTIVE_ARCH = YES;
				SDKROOT = macosx;
			};
			name = Debug;
		};
		49331FA214B44DCB008C7142 /* Release */ = {
			isa = XCBuildConfiguration;
			buildSettings = {
				ALWAYS_SEARCH_USER_PATHS = NO;
				ARCHS = "$(ARCHS_STANDARD_64_BIT)";
				COPY_PHASE_STRIP = YES;
				DEBUG_INFORMATION_FORMAT = "dwarf-with-dsym";
				GCC_C_LANGUAGE_STANDARD = gnu99;
				GCC_ENABLE_OBJC_EXCEPTIONS = YES;
				GCC_VERSION = com.apple.compilers.llvm.clang.1_0;
				GCC_WARN_64_TO_32_BIT_CONVERSION = YES;
				GCC_WARN_ABOUT_MISSING_PROTOTYPES = YES;
				GCC_WARN_ABOUT_RETURN_TYPE = YES;
				GCC_WARN_UNUSED_VARIABLE = YES;
				MACOSX_DEPLOYMENT_TARGET = 10.7;
				SDKROOT = macosx;
			};
			name = Release;
		};
		49331FA414B44DCB008C7142 /* Debug */ = {
			isa = XCBuildConfiguration;
			buildSettings = {
				GCC_PRECOMPILE_PREFIX_HEADER = YES;
				GCC_PREFIX_HEADER = "KeySender/KeySender-Prefix.pch";
				INFOPLIST_FILE = "KeySender/KeySender-Info.plist";
				PRODUCT_NAME = "$(TARGET_NAME)";
				WRAPPER_EXTENSION = app;
			};
			name = Debug;
		};
		49331FA514B44DCB008C7142 /* Release */ = {
			isa = XCBuildConfiguration;
			buildSettings = {
				GCC_PRECOMPILE_PREFIX_HEADER = YES;
				GCC_PREFIX_HEADER = "KeySender/KeySender-Prefix.pch";
				INFOPLIST_FILE = "KeySender/KeySender-Info.plist";
				PRODUCT_NAME = "$(TARGET_NAME)";
				WRAPPER_EXTENSION = app;
			};
			name = Release;
		};
/* End XCBuildConfiguration section */

/* Begin XCConfigurationList section */
		49331F7F14B44DCA008C7142 /* Build configuration list for PBXProject "KeySender" */ = {
			isa = XCConfigurationList;
			buildConfigurations = (
				49331FA114B44DCB008C7142 /* Debug */,
				49331FA214B44DCB008C7142 /* Release */,
			);
			defaultConfigurationIsVisible = 0;
			defaultConfigurationName = Release;
		};
		49331FA314B44DCB008C7142 /* Build configuration list for PBXNativeTarget "KeySender" */ = {
			isa = XCConfigurationList;
			buildConfigurations = (
				49331FA414B44DCB008C7142 /* Debug */,
				49331FA514B44DCB008C7142 /* Release */,
			);
			defaultConfigurationIsVisible = 0;
		};
/* End XCConfigurationList section */
	};
	rootObject = 49331F7C14B44DCA008C7142 /* Project object */;
}
